// !$*UTF8*$!
{
	archiveVersion = 1;
	classes = {
	};
	objectVersion = 55;
	objects = {

/* Begin PBXBuildFile section */
		3A745F61B23C5943EA5FD8FF /* Pods_BookReview.framework in Frameworks */ = {isa = PBXBuildFile; fileRef = BE20E0CF5BA031AF25CE0EFF /* Pods_BookReview.framework */; };
		B194DE802787F5F9004E2C1B /* SearchBookController.swift in Sources */ = {isa = PBXBuildFile; fileRef = B194DE7F2787F5F9004E2C1B /* SearchBookController.swift */; };
		B194DE822787F60A004E2C1B /* SearchBookPresenter.swift in Sources */ = {isa = PBXBuildFile; fileRef = B194DE812787F60A004E2C1B /* SearchBookPresenter.swift */; };
		B19629F6278A975500C0F663 /* UserDefaultsManager.swift in Sources */ = {isa = PBXBuildFile; fileRef = B19629F5278A975500C0F663 /* UserDefaultsManager.swift */; };
		B19629F8278A976700C0F663 /* BookReview.swift in Sources */ = {isa = PBXBuildFile; fileRef = B19629F7278A976700C0F663 /* BookReview.swift */; };
		B19629FA278ADE1300C0F663 /* MockReviewListViewController.swift in Sources */ = {isa = PBXBuildFile; fileRef = B19629F9278ADE1300C0F663 /* MockReviewListViewController.swift */; };
		B19629FC278ADE5100C0F663 /* MockUserDefaultManager.swift in Sources */ = {isa = PBXBuildFile; fileRef = B19629FB278ADE5100C0F663 /* MockUserDefaultManager.swift */; };
		B1962A00278AEEDE00C0F663 /* MockReviewWirtePresenterTest.swift in Sources */ = {isa = PBXBuildFile; fileRef = B19629FF278AEEDE00C0F663 /* MockReviewWirtePresenterTest.swift */; };
		B1962A02278AF1CF00C0F663 /* ReviewWritePresenterTest.swift in Sources */ = {isa = PBXBuildFile; fileRef = B1962A01278AF1CF00C0F663 /* ReviewWritePresenterTest.swift */; };
		B197E87B279A43F100BA9D18 /* SearchBookPresenterTest.swift in Sources */ = {isa = PBXBuildFile; fileRef = B197E87A279A43F100BA9D18 /* SearchBookPresenterTest.swift */; };
		B197E87D279A44F300BA9D18 /* MockSearchBookPresenter.swift in Sources */ = {isa = PBXBuildFile; fileRef = B197E87C279A44F300BA9D18 /* MockSearchBookPresenter.swift */; };
		B197E87F279A59A100BA9D18 /* MockBookSearchManager.swift in Sources */ = {isa = PBXBuildFile; fileRef = B197E87E279A59A100BA9D18 /* MockBookSearchManager.swift */; };
		B1993ADD2788938D005513D3 /* BookSearchRequestModel.swift in Sources */ = {isa = PBXBuildFile; fileRef = B1993ADC2788938D005513D3 /* BookSearchRequestModel.swift */; };
		B1993AE1278893FA005513D3 /* BookSearchResponseModel.swift in Sources */ = {isa = PBXBuildFile; fileRef = B1993AE0278893FA005513D3 /* BookSearchResponseModel.swift */; };
		B1993AE3278894A7005513D3 /* Book.swift in Sources */ = {isa = PBXBuildFile; fileRef = B1993AE2278894A7005513D3 /* Book.swift */; };
		B1993AE5278894DC005513D3 /* BookSearchManager.swift in Sources */ = {isa = PBXBuildFile; fileRef = B1993AE4278894DC005513D3 /* BookSearchManager.swift */; };
		B1DA055927873D100082C61C /* AppDelegate.swift in Sources */ = {isa = PBXBuildFile; fileRef = B1DA055827873D100082C61C /* AppDelegate.swift */; };
		B1DA055B27873D100082C61C /* SceneDelegate.swift in Sources */ = {isa = PBXBuildFile; fileRef = B1DA055A27873D100082C61C /* SceneDelegate.swift */; };
		B1DA055D27873D100082C61C /* ReviewListViewController.swift in Sources */ = {isa = PBXBuildFile; fileRef = B1DA055C27873D100082C61C /* ReviewListViewController.swift */; };
		B1DA056227873D120082C61C /* Assets.xcassets in Resources */ = {isa = PBXBuildFile; fileRef = B1DA056127873D120082C61C /* Assets.xcassets */; };
		B1DA056527873D120082C61C /* LaunchScreen.storyboard in Resources */ = {isa = PBXBuildFile; fileRef = B1DA056327873D120082C61C /* LaunchScreen.storyboard */; };
		B1DA057027873D120082C61C /* ReviewListPresenterTests.swift in Sources */ = {isa = PBXBuildFile; fileRef = B1DA056F27873D120082C61C /* ReviewListPresenterTests.swift */; };
		B1DA057A27873D120082C61C /* BookReviewUITests.swift in Sources */ = {isa = PBXBuildFile; fileRef = B1DA057927873D120082C61C /* BookReviewUITests.swift */; };
		B1DA057C27873D120082C61C /* BookReviewUITestsLaunchTests.swift in Sources */ = {isa = PBXBuildFile; fileRef = B1DA057B27873D120082C61C /* BookReviewUITestsLaunchTests.swift */; };
		B1DA058C278743200082C61C /* ReviewListPresenter.swift in Sources */ = {isa = PBXBuildFile; fileRef = B1DA058B278743200082C61C /* ReviewListPresenter.swift */; };
		B1DA0591278752910082C61C /* ReviewWriteViewController.swift in Sources */ = {isa = PBXBuildFile; fileRef = B1DA0590278752910082C61C /* ReviewWriteViewController.swift */; };
		B1DA05932787529E0082C61C /* ReviewWritePresenter.swift in Sources */ = {isa = PBXBuildFile; fileRef = B1DA05922787529E0082C61C /* ReviewWritePresenter.swift */; };
		E55EC5E9AA218B6B51E32C19 /* Pods_BookReviewTests.framework in Frameworks */ = {isa = PBXBuildFile; fileRef = 8F0DE1A5968321E9689B5EA0 /* Pods_BookReviewTests.framework */; };
		F8FC93162028476F9BF50784 /* Pods_BookReview_BookReviewUITests.framework in Frameworks */ = {isa = PBXBuildFile; fileRef = 88688A28B5890E78DC5FA82E /* Pods_BookReview_BookReviewUITests.framework */; };
/* End PBXBuildFile section */

/* Begin PBXContainerItemProxy section */
		B1DA056C27873D120082C61C /* PBXContainerItemProxy */ = {
			isa = PBXContainerItemProxy;
			containerPortal = B1DA054D27873D100082C61C /* Project object */;
			proxyType = 1;
			remoteGlobalIDString = B1DA055427873D100082C61C;
			remoteInfo = BookReview;
		};
		B1DA057627873D120082C61C /* PBXContainerItemProxy */ = {
			isa = PBXContainerItemProxy;
			containerPortal = B1DA054D27873D100082C61C /* Project object */;
			proxyType = 1;
			remoteGlobalIDString = B1DA055427873D100082C61C;
			remoteInfo = BookReview;
		};
/* End PBXContainerItemProxy section */

/* Begin PBXFileReference section */
		25324518B9EA5D2E44433686 /* Pods-BookReview.debug.xcconfig */ = {isa = PBXFileReference; includeInIndex = 1; lastKnownFileType = text.xcconfig; name = "Pods-BookReview.debug.xcconfig"; path = "Target Support Files/Pods-BookReview/Pods-BookReview.debug.xcconfig"; sourceTree = "<group>"; };
		380D5AB3380C39FE91BA2E9B /* Pods-BookReviewTests.release.xcconfig */ = {isa = PBXFileReference; includeInIndex = 1; lastKnownFileType = text.xcconfig; name = "Pods-BookReviewTests.release.xcconfig"; path = "Target Support Files/Pods-BookReviewTests/Pods-BookReviewTests.release.xcconfig"; sourceTree = "<group>"; };
		88688A28B5890E78DC5FA82E /* Pods_BookReview_BookReviewUITests.framework */ = {isa = PBXFileReference; explicitFileType = wrapper.framework; includeInIndex = 0; path = Pods_BookReview_BookReviewUITests.framework; sourceTree = BUILT_PRODUCTS_DIR; };
		8F0DE1A5968321E9689B5EA0 /* Pods_BookReviewTests.framework */ = {isa = PBXFileReference; explicitFileType = wrapper.framework; includeInIndex = 0; path = Pods_BookReviewTests.framework; sourceTree = BUILT_PRODUCTS_DIR; };
		90A2B012B48AE68E52AC0ADF /* Pods-BookReview.release.xcconfig */ = {isa = PBXFileReference; includeInIndex = 1; lastKnownFileType = text.xcconfig; name = "Pods-BookReview.release.xcconfig"; path = "Target Support Files/Pods-BookReview/Pods-BookReview.release.xcconfig"; sourceTree = "<group>"; };
		9D64950E4CC18C51DA8FC5A9 /* Pods-BookReview-BookReviewUITests.debug.xcconfig */ = {isa = PBXFileReference; includeInIndex = 1; lastKnownFileType = text.xcconfig; name = "Pods-BookReview-BookReviewUITests.debug.xcconfig"; path = "Target Support Files/Pods-BookReview-BookReviewUITests/Pods-BookReview-BookReviewUITests.debug.xcconfig"; sourceTree = "<group>"; };
		B194DE7F2787F5F9004E2C1B /* SearchBookController.swift */ = {isa = PBXFileReference; lastKnownFileType = sourcecode.swift; path = SearchBookController.swift; sourceTree = "<group>"; };
		B194DE812787F60A004E2C1B /* SearchBookPresenter.swift */ = {isa = PBXFileReference; lastKnownFileType = sourcecode.swift; path = SearchBookPresenter.swift; sourceTree = "<group>"; };
		B19629F5278A975500C0F663 /* UserDefaultsManager.swift */ = {isa = PBXFileReference; lastKnownFileType = sourcecode.swift; path = UserDefaultsManager.swift; sourceTree = "<group>"; };
		B19629F7278A976700C0F663 /* BookReview.swift */ = {isa = PBXFileReference; lastKnownFileType = sourcecode.swift; path = BookReview.swift; sourceTree = "<group>"; };
		B19629F9278ADE1300C0F663 /* MockReviewListViewController.swift */ = {isa = PBXFileReference; lastKnownFileType = sourcecode.swift; path = MockReviewListViewController.swift; sourceTree = "<group>"; };
		B19629FB278ADE5100C0F663 /* MockUserDefaultManager.swift */ = {isa = PBXFileReference; lastKnownFileType = sourcecode.swift; path = MockUserDefaultManager.swift; sourceTree = "<group>"; };
		B19629FF278AEEDE00C0F663 /* MockReviewWirtePresenterTest.swift */ = {isa = PBXFileReference; lastKnownFileType = sourcecode.swift; path = MockReviewWirtePresenterTest.swift; sourceTree = "<group>"; };
		B1962A01278AF1CF00C0F663 /* ReviewWritePresenterTest.swift */ = {isa = PBXFileReference; lastKnownFileType = sourcecode.swift; path = ReviewWritePresenterTest.swift; sourceTree = "<group>"; };
		B197E87A279A43F100BA9D18 /* SearchBookPresenterTest.swift */ = {isa = PBXFileReference; lastKnownFileType = sourcecode.swift; path = SearchBookPresenterTest.swift; sourceTree = "<group>"; };
		B197E87C279A44F300BA9D18 /* MockSearchBookPresenter.swift */ = {isa = PBXFileReference; lastKnownFileType = sourcecode.swift; path = MockSearchBookPresenter.swift; sourceTree = "<group>"; };
		B197E87E279A59A100BA9D18 /* MockBookSearchManager.swift */ = {isa = PBXFileReference; lastKnownFileType = sourcecode.swift; path = MockBookSearchManager.swift; sourceTree = "<group>"; };
		B1993ADC2788938D005513D3 /* BookSearchRequestModel.swift */ = {isa = PBXFileReference; lastKnownFileType = sourcecode.swift; path = BookSearchRequestModel.swift; sourceTree = "<group>"; };
		B1993AE0278893FA005513D3 /* BookSearchResponseModel.swift */ = {isa = PBXFileReference; lastKnownFileType = sourcecode.swift; path = BookSearchResponseModel.swift; sourceTree = "<group>"; };
		B1993AE2278894A7005513D3 /* Book.swift */ = {isa = PBXFileReference; lastKnownFileType = sourcecode.swift; path = Book.swift; sourceTree = "<group>"; };
		B1993AE4278894DC005513D3 /* BookSearchManager.swift */ = {isa = PBXFileReference; lastKnownFileType = sourcecode.swift; path = BookSearchManager.swift; sourceTree = "<group>"; };
		B1DA055527873D100082C61C /* BookReview.app */ = {isa = PBXFileReference; explicitFileType = wrapper.application; includeInIndex = 0; path = BookReview.app; sourceTree = BUILT_PRODUCTS_DIR; };
		B1DA055827873D100082C61C /* AppDelegate.swift */ = {isa = PBXFileReference; lastKnownFileType = sourcecode.swift; path = AppDelegate.swift; sourceTree = "<group>"; };
		B1DA055A27873D100082C61C /* SceneDelegate.swift */ = {isa = PBXFileReference; lastKnownFileType = sourcecode.swift; path = SceneDelegate.swift; sourceTree = "<group>"; };
		B1DA055C27873D100082C61C /* ReviewListViewController.swift */ = {isa = PBXFileReference; lastKnownFileType = sourcecode.swift; path = ReviewListViewController.swift; sourceTree = "<group>"; };
		B1DA056127873D120082C61C /* Assets.xcassets */ = {isa = PBXFileReference; lastKnownFileType = folder.assetcatalog; path = Assets.xcassets; sourceTree = "<group>"; };
		B1DA056427873D120082C61C /* Base */ = {isa = PBXFileReference; lastKnownFileType = file.storyboard; name = Base; path = Base.lproj/LaunchScreen.storyboard; sourceTree = "<group>"; };
		B1DA056627873D120082C61C /* Info.plist */ = {isa = PBXFileReference; lastKnownFileType = text.plist.xml; path = Info.plist; sourceTree = "<group>"; };
		B1DA056B27873D120082C61C /* BookReviewTests.xctest */ = {isa = PBXFileReference; explicitFileType = wrapper.cfbundle; includeInIndex = 0; path = BookReviewTests.xctest; sourceTree = BUILT_PRODUCTS_DIR; };
		B1DA056F27873D120082C61C /* ReviewListPresenterTests.swift */ = {isa = PBXFileReference; lastKnownFileType = sourcecode.swift; path = ReviewListPresenterTests.swift; sourceTree = "<group>"; };
		B1DA057527873D120082C61C /* BookReviewUITests.xctest */ = {isa = PBXFileReference; explicitFileType = wrapper.cfbundle; includeInIndex = 0; path = BookReviewUITests.xctest; sourceTree = BUILT_PRODUCTS_DIR; };
		B1DA057927873D120082C61C /* BookReviewUITests.swift */ = {isa = PBXFileReference; lastKnownFileType = sourcecode.swift; path = BookReviewUITests.swift; sourceTree = "<group>"; };
		B1DA057B27873D120082C61C /* BookReviewUITestsLaunchTests.swift */ = {isa = PBXFileReference; lastKnownFileType = sourcecode.swift; path = BookReviewUITestsLaunchTests.swift; sourceTree = "<group>"; };
		B1DA058B278743200082C61C /* ReviewListPresenter.swift */ = {isa = PBXFileReference; lastKnownFileType = sourcecode.swift; path = ReviewListPresenter.swift; sourceTree = "<group>"; };
		B1DA0590278752910082C61C /* ReviewWriteViewController.swift */ = {isa = PBXFileReference; lastKnownFileType = sourcecode.swift; path = ReviewWriteViewController.swift; sourceTree = "<group>"; };
		B1DA05922787529E0082C61C /* ReviewWritePresenter.swift */ = {isa = PBXFileReference; lastKnownFileType = sourcecode.swift; path = ReviewWritePresenter.swift; sourceTree = "<group>"; };
		BE20E0CF5BA031AF25CE0EFF /* Pods_BookReview.framework */ = {isa = PBXFileReference; explicitFileType = wrapper.framework; includeInIndex = 0; path = Pods_BookReview.framework; sourceTree = BUILT_PRODUCTS_DIR; };
		C770DA01779614C808406FFE /* Pods-BookReviewTests.debug.xcconfig */ = {isa = PBXFileReference; includeInIndex = 1; lastKnownFileType = text.xcconfig; name = "Pods-BookReviewTests.debug.xcconfig"; path = "Target Support Files/Pods-BookReviewTests/Pods-BookReviewTests.debug.xcconfig"; sourceTree = "<group>"; };
		E634FBAF2EF141D9C581E8D5 /* Pods-BookReview-BookReviewUITests.release.xcconfig */ = {isa = PBXFileReference; includeInIndex = 1; lastKnownFileType = text.xcconfig; name = "Pods-BookReview-BookReviewUITests.release.xcconfig"; path = "Target Support Files/Pods-BookReview-BookReviewUITests/Pods-BookReview-BookReviewUITests.release.xcconfig"; sourceTree = "<group>"; };
/* End PBXFileReference section */

/* Begin PBXFrameworksBuildPhase section */
		B1DA055227873D100082C61C /* Frameworks */ = {
			isa = PBXFrameworksBuildPhase;
			buildActionMask = 2147483647;
			files = (
				3A745F61B23C5943EA5FD8FF /* Pods_BookReview.framework in Frameworks */,
			);
			runOnlyForDeploymentPostprocessing = 0;
		};
		B1DA056827873D120082C61C /* Frameworks */ = {
			isa = PBXFrameworksBuildPhase;
			buildActionMask = 2147483647;
			files = (
				E55EC5E9AA218B6B51E32C19 /* Pods_BookReviewTests.framework in Frameworks */,
			);
			runOnlyForDeploymentPostprocessing = 0;
		};
		B1DA057227873D120082C61C /* Frameworks */ = {
			isa = PBXFrameworksBuildPhase;
			buildActionMask = 2147483647;
			files = (
				F8FC93162028476F9BF50784 /* Pods_BookReview_BookReviewUITests.framework in Frameworks */,
			);
			runOnlyForDeploymentPostprocessing = 0;
		};
/* End PBXFrameworksBuildPhase section */

/* Begin PBXGroup section */
		4822443EAC93E229E4964AEE /* Pods */ = {
			isa = PBXGroup;
			children = (
				25324518B9EA5D2E44433686 /* Pods-BookReview.debug.xcconfig */,
				90A2B012B48AE68E52AC0ADF /* Pods-BookReview.release.xcconfig */,
				9D64950E4CC18C51DA8FC5A9 /* Pods-BookReview-BookReviewUITests.debug.xcconfig */,
				E634FBAF2EF141D9C581E8D5 /* Pods-BookReview-BookReviewUITests.release.xcconfig */,
				C770DA01779614C808406FFE /* Pods-BookReviewTests.debug.xcconfig */,
				380D5AB3380C39FE91BA2E9B /* Pods-BookReviewTests.release.xcconfig */,
			);
			path = Pods;
			sourceTree = "<group>";
		};
		73D0DA9B442AC6DD0E5F051A /* Frameworks */ = {
			isa = PBXGroup;
			children = (
				BE20E0CF5BA031AF25CE0EFF /* Pods_BookReview.framework */,
				88688A28B5890E78DC5FA82E /* Pods_BookReview_BookReviewUITests.framework */,
				8F0DE1A5968321E9689B5EA0 /* Pods_BookReviewTests.framework */,
			);
			name = Frameworks;
			sourceTree = "<group>";
		};
		B194DE832787F61E004E2C1B /* SearchBook */ = {
			isa = PBXGroup;
			children = (
				B194DE7F2787F5F9004E2C1B /* SearchBookController.swift */,
				B194DE812787F60A004E2C1B /* SearchBookPresenter.swift */,
			);
			path = SearchBook;
			sourceTree = "<group>";
		};
		B19629FD278ADE7200C0F663 /* Mock */ = {
			isa = PBXGroup;
			children = (
				B19629F9278ADE1300C0F663 /* MockReviewListViewController.swift */,
				B19629FB278ADE5100C0F663 /* MockUserDefaultManager.swift */,
				B19629FF278AEEDE00C0F663 /* MockReviewWirtePresenterTest.swift */,
				B197E87C279A44F300BA9D18 /* MockSearchBookPresenter.swift */,
				B197E87E279A59A100BA9D18 /* MockBookSearchManager.swift */,
			);
			path = Mock;
			sourceTree = "<group>";
		};
		B19629FE278ADE7E00C0F663 /* Tests */ = {
			isa = PBXGroup;
			children = (
				B1DA056F27873D120082C61C /* ReviewListPresenterTests.swift */,
				B1962A01278AF1CF00C0F663 /* ReviewWritePresenterTest.swift */,
				B197E87A279A43F100BA9D18 /* SearchBookPresenterTest.swift */,
			);
			path = Tests;
			sourceTree = "<group>";
		};
		B1993ADE27889393005513D3 /* Models */ = {
			isa = PBXGroup;
			children = (
				B1993ADC2788938D005513D3 /* BookSearchRequestModel.swift */,
				B1993AE0278893FA005513D3 /* BookSearchResponseModel.swift */,
				B1993AE2278894A7005513D3 /* Book.swift */,
				B19629F7278A976700C0F663 /* BookReview.swift */,
			);
			path = Models;
			sourceTree = "<group>";
		};
		B1993AE6278894E1005513D3 /* Manager */ = {
			isa = PBXGroup;
			children = (
				B1993AE4278894DC005513D3 /* BookSearchManager.swift */,
				B19629F5278A975500C0F663 /* UserDefaultsManager.swift */,
			);
			path = Manager;
			sourceTree = "<group>";
		};
		B1DA054C27873D100082C61C = {
			isa = PBXGroup;
			children = (
				B1DA055727873D100082C61C /* BookReview */,
				B1DA056E27873D120082C61C /* BookReviewTests */,
				B1DA057827873D120082C61C /* BookReviewUITests */,
				B1DA055627873D100082C61C /* Products */,
				4822443EAC93E229E4964AEE /* Pods */,
				73D0DA9B442AC6DD0E5F051A /* Frameworks */,
			);
			sourceTree = "<group>";
		};
		B1DA055627873D100082C61C /* Products */ = {
			isa = PBXGroup;
			children = (
				B1DA055527873D100082C61C /* BookReview.app */,
				B1DA056B27873D120082C61C /* BookReviewTests.xctest */,
				B1DA057527873D120082C61C /* BookReviewUITests.xctest */,
			);
			name = Products;
			sourceTree = "<group>";
		};
		B1DA055727873D100082C61C /* BookReview */ = {
			isa = PBXGroup;
			children = (
				B1DA058F278743800082C61C /* Scene */,
				B1993ADE27889393005513D3 /* Models */,
				B1993AE6278894E1005513D3 /* Manager */,
				B1DA055827873D100082C61C /* AppDelegate.swift */,
				B1DA055A27873D100082C61C /* SceneDelegate.swift */,
				B1DA056127873D120082C61C /* Assets.xcassets */,
				B1DA056327873D120082C61C /* LaunchScreen.storyboard */,
				B1DA056627873D120082C61C /* Info.plist */,
			);
			path = BookReview;
			sourceTree = "<group>";
		};
		B1DA056E27873D120082C61C /* BookReviewTests */ = {
			isa = PBXGroup;
			children = (
				B19629FD278ADE7200C0F663 /* Mock */,
				B19629FE278ADE7E00C0F663 /* Tests */,
			);
			path = BookReviewTests;
			sourceTree = "<group>";
		};
		B1DA057827873D120082C61C /* BookReviewUITests */ = {
			isa = PBXGroup;
			children = (
				B1DA057927873D120082C61C /* BookReviewUITests.swift */,
				B1DA057B27873D120082C61C /* BookReviewUITestsLaunchTests.swift */,
			);
			path = BookReviewUITests;
			sourceTree = "<group>";
		};
		B1DA058E278743730082C61C /* ReviewList */ = {
			isa = PBXGroup;
			children = (
				B1DA055C27873D100082C61C /* ReviewListViewController.swift */,
				B1DA058B278743200082C61C /* ReviewListPresenter.swift */,
			);
			path = ReviewList;
			sourceTree = "<group>";
		};
		B1DA058F278743800082C61C /* Scene */ = {
			isa = PBXGroup;
			children = (
				B1DA058E278743730082C61C /* ReviewList */,
				B1DA0594278752A30082C61C /* ReviewWrite */,
				B194DE832787F61E004E2C1B /* SearchBook */,
			);
			path = Scene;
			sourceTree = "<group>";
		};
		B1DA0594278752A30082C61C /* ReviewWrite */ = {
			isa = PBXGroup;
			children = (
				B1DA0590278752910082C61C /* ReviewWriteViewController.swift */,
				B1DA05922787529E0082C61C /* ReviewWritePresenter.swift */,
			);
			path = ReviewWrite;
			sourceTree = "<group>";
		};
/* End PBXGroup section */

/* Begin PBXNativeTarget section */
		B1DA055427873D100082C61C /* BookReview */ = {
			isa = PBXNativeTarget;
			buildConfigurationList = B1DA057F27873D120082C61C /* Build configuration list for PBXNativeTarget "BookReview" */;
			buildPhases = (
				88F4D897AB36584E0A84BDFA /* [CP] Check Pods Manifest.lock */,
				B1DA055127873D100082C61C /* Sources */,
				B1DA055227873D100082C61C /* Frameworks */,
				B1DA055327873D100082C61C /* Resources */,
				42D7CCC28921BA043AF1A06F /* [CP] Embed Pods Frameworks */,
			);
			buildRules = (
			);
			dependencies = (
			);
			name = BookReview;
			productName = BookReview;
			productReference = B1DA055527873D100082C61C /* BookReview.app */;
			productType = "com.apple.product-type.application";
		};
		B1DA056A27873D120082C61C /* BookReviewTests */ = {
			isa = PBXNativeTarget;
			buildConfigurationList = B1DA058227873D120082C61C /* Build configuration list for PBXNativeTarget "BookReviewTests" */;
			buildPhases = (
				0BAE2ECCE34F1B7DD1AE539F /* [CP] Check Pods Manifest.lock */,
				B1DA056727873D120082C61C /* Sources */,
				B1DA056827873D120082C61C /* Frameworks */,
				B1DA056927873D120082C61C /* Resources */,
			);
			buildRules = (
			);
			dependencies = (
				B1DA056D27873D120082C61C /* PBXTargetDependency */,
			);
			name = BookReviewTests;
			productName = BookReviewTests;
			productReference = B1DA056B27873D120082C61C /* BookReviewTests.xctest */;
			productType = "com.apple.product-type.bundle.unit-test";
		};
		B1DA057427873D120082C61C /* BookReviewUITests */ = {
			isa = PBXNativeTarget;
			buildConfigurationList = B1DA058527873D120082C61C /* Build configuration list for PBXNativeTarget "BookReviewUITests" */;
			buildPhases = (
				9A6A190945A6743802523964 /* [CP] Check Pods Manifest.lock */,
				B1DA057127873D120082C61C /* Sources */,
				B1DA057227873D120082C61C /* Frameworks */,
				B1DA057327873D120082C61C /* Resources */,
				DE04A7B6767F9C081A1B4D15 /* [CP] Embed Pods Frameworks */,
			);
			buildRules = (
			);
			dependencies = (
				B1DA057727873D120082C61C /* PBXTargetDependency */,
			);
			name = BookReviewUITests;
			productName = BookReviewUITests;
			productReference = B1DA057527873D120082C61C /* BookReviewUITests.xctest */;
			productType = "com.apple.product-type.bundle.ui-testing";
		};
/* End PBXNativeTarget section */

/* Begin PBXProject section */
		B1DA054D27873D100082C61C /* Project object */ = {
			isa = PBXProject;
			attributes = {
				BuildIndependentTargetsInParallel = 1;
				LastSwiftUpdateCheck = 1310;
				LastUpgradeCheck = 1310;
				TargetAttributes = {
					B1DA055427873D100082C61C = {
						CreatedOnToolsVersion = 13.1;
					};
					B1DA056A27873D120082C61C = {
						CreatedOnToolsVersion = 13.1;
						TestTargetID = B1DA055427873D100082C61C;
					};
					B1DA057427873D120082C61C = {
						CreatedOnToolsVersion = 13.1;
						TestTargetID = B1DA055427873D100082C61C;
					};
				};
			};
			buildConfigurationList = B1DA055027873D100082C61C /* Build configuration list for PBXProject "BookReview" */;
			compatibilityVersion = "Xcode 13.0";
			developmentRegion = en;
			hasScannedForEncodings = 0;
			knownRegions = (
				en,
				Base,
			);
			mainGroup = B1DA054C27873D100082C61C;
			productRefGroup = B1DA055627873D100082C61C /* Products */;
			projectDirPath = "";
			projectRoot = "";
			targets = (
				B1DA055427873D100082C61C /* BookReview */,
				B1DA056A27873D120082C61C /* BookReviewTests */,
				B1DA057427873D120082C61C /* BookReviewUITests */,
			);
		};
/* End PBXProject section */

/* Begin PBXResourcesBuildPhase section */
		B1DA055327873D100082C61C /* Resources */ = {
			isa = PBXResourcesBuildPhase;
			buildActionMask = 2147483647;
			files = (
				B1DA056527873D120082C61C /* LaunchScreen.storyboard in Resources */,
				B1DA056227873D120082C61C /* Assets.xcassets in Resources */,
			);
			runOnlyForDeploymentPostprocessing = 0;
		};
		B1DA056927873D120082C61C /* Resources */ = {
			isa = PBXResourcesBuildPhase;
			buildActionMask = 2147483647;
			files = (
			);
			runOnlyForDeploymentPostprocessing = 0;
		};
		B1DA057327873D120082C61C /* Resources */ = {
			isa = PBXResourcesBuildPhase;
			buildActionMask = 2147483647;
			files = (
			);
			runOnlyForDeploymentPostprocessing = 0;
		};
/* End PBXResourcesBuildPhase section */

/* Begin PBXShellScriptBuildPhase section */
		0BAE2ECCE34F1B7DD1AE539F /* [CP] Check Pods Manifest.lock */ = {
			isa = PBXShellScriptBuildPhase;
			buildActionMask = 2147483647;
			files = (
			);
			inputFileListPaths = (
			);
			inputPaths = (
				"${PODS_PODFILE_DIR_PATH}/Podfile.lock",
				"${PODS_ROOT}/Manifest.lock",
			);
			name = "[CP] Check Pods Manifest.lock";
			outputFileListPaths = (
			);
			outputPaths = (
				"$(DERIVED_FILE_DIR)/Pods-BookReviewTests-checkManifestLockResult.txt",
			);
			runOnlyForDeploymentPostprocessing = 0;
			shellPath = /bin/sh;
			shellScript = "diff \"${PODS_PODFILE_DIR_PATH}/Podfile.lock\" \"${PODS_ROOT}/Manifest.lock\" > /dev/null\nif [ $? != 0 ] ; then\n    # print error to STDERR\n    echo \"error: The sandbox is not in sync with the Podfile.lock. Run 'pod install' or update your CocoaPods installation.\" >&2\n    exit 1\nfi\n# This output is used by Xcode 'outputs' to avoid re-running this script phase.\necho \"SUCCESS\" > \"${SCRIPT_OUTPUT_FILE_0}\"\n";
			showEnvVarsInLog = 0;
		};
		42D7CCC28921BA043AF1A06F /* [CP] Embed Pods Frameworks */ = {
			isa = PBXShellScriptBuildPhase;
			buildActionMask = 2147483647;
			files = (
			);
			inputFileListPaths = (
				"${PODS_ROOT}/Target Support Files/Pods-BookReview/Pods-BookReview-frameworks-${CONFIGURATION}-input-files.xcfilelist",
			);
			name = "[CP] Embed Pods Frameworks";
			outputFileListPaths = (
				"${PODS_ROOT}/Target Support Files/Pods-BookReview/Pods-BookReview-frameworks-${CONFIGURATION}-output-files.xcfilelist",
			);
			runOnlyForDeploymentPostprocessing = 0;
			shellPath = /bin/sh;
			shellScript = "\"${PODS_ROOT}/Target Support Files/Pods-BookReview/Pods-BookReview-frameworks.sh\"\n";
			showEnvVarsInLog = 0;
		};
		88F4D897AB36584E0A84BDFA /* [CP] Check Pods Manifest.lock */ = {
			isa = PBXShellScriptBuildPhase;
			buildActionMask = 2147483647;
			files = (
			);
			inputFileListPaths = (
			);
			inputPaths = (
				"${PODS_PODFILE_DIR_PATH}/Podfile.lock",
				"${PODS_ROOT}/Manifest.lock",
			);
			name = "[CP] Check Pods Manifest.lock";
			outputFileListPaths = (
			);
			outputPaths = (
				"$(DERIVED_FILE_DIR)/Pods-BookReview-checkManifestLockResult.txt",
			);
			runOnlyForDeploymentPostprocessing = 0;
			shellPath = /bin/sh;
			shellScript = "diff \"${PODS_PODFILE_DIR_PATH}/Podfile.lock\" \"${PODS_ROOT}/Manifest.lock\" > /dev/null\nif [ $? != 0 ] ; then\n    # print error to STDERR\n    echo \"error: The sandbox is not in sync with the Podfile.lock. Run 'pod install' or update your CocoaPods installation.\" >&2\n    exit 1\nfi\n# This output is used by Xcode 'outputs' to avoid re-running this script phase.\necho \"SUCCESS\" > \"${SCRIPT_OUTPUT_FILE_0}\"\n";
			showEnvVarsInLog = 0;
		};
		9A6A190945A6743802523964 /* [CP] Check Pods Manifest.lock */ = {
			isa = PBXShellScriptBuildPhase;
			buildActionMask = 2147483647;
			files = (
			);
			inputFileListPaths = (
			);
			inputPaths = (
				"${PODS_PODFILE_DIR_PATH}/Podfile.lock",
				"${PODS_ROOT}/Manifest.lock",
			);
			name = "[CP] Check Pods Manifest.lock";
			outputFileListPaths = (
			);
			outputPaths = (
				"$(DERIVED_FILE_DIR)/Pods-BookReview-BookReviewUITests-checkManifestLockResult.txt",
			);
			runOnlyForDeploymentPostprocessing = 0;
			shellPath = /bin/sh;
			shellScript = "diff \"${PODS_PODFILE_DIR_PATH}/Podfile.lock\" \"${PODS_ROOT}/Manifest.lock\" > /dev/null\nif [ $? != 0 ] ; then\n    # print error to STDERR\n    echo \"error: The sandbox is not in sync with the Podfile.lock. Run 'pod install' or update your CocoaPods installation.\" >&2\n    exit 1\nfi\n# This output is used by Xcode 'outputs' to avoid re-running this script phase.\necho \"SUCCESS\" > \"${SCRIPT_OUTPUT_FILE_0}\"\n";
			showEnvVarsInLog = 0;
		};
		DE04A7B6767F9C081A1B4D15 /* [CP] Embed Pods Frameworks */ = {
			isa = PBXShellScriptBuildPhase;
			buildActionMask = 2147483647;
			files = (
			);
			inputFileListPaths = (
				"${PODS_ROOT}/Target Support Files/Pods-BookReview-BookReviewUITests/Pods-BookReview-BookReviewUITests-frameworks-${CONFIGURATION}-input-files.xcfilelist",
			);
			name = "[CP] Embed Pods Frameworks";
			outputFileListPaths = (
				"${PODS_ROOT}/Target Support Files/Pods-BookReview-BookReviewUITests/Pods-BookReview-BookReviewUITests-frameworks-${CONFIGURATION}-output-files.xcfilelist",
			);
			runOnlyForDeploymentPostprocessing = 0;
			shellPath = /bin/sh;
			shellScript = "\"${PODS_ROOT}/Target Support Files/Pods-BookReview-BookReviewUITests/Pods-BookReview-BookReviewUITests-frameworks.sh\"\n";
			showEnvVarsInLog = 0;
		};
/* End PBXShellScriptBuildPhase section */

/* Begin PBXSourcesBuildPhase section */
		B1DA055127873D100082C61C /* Sources */ = {
			isa = PBXSourcesBuildPhase;
			buildActionMask = 2147483647;
			files = (
				B1DA055D27873D100082C61C /* ReviewListViewController.swift in Sources */,
				B1993AE5278894DC005513D3 /* BookSearchManager.swift in Sources */,
				B1DA058C278743200082C61C /* ReviewListPresenter.swift in Sources */,
				B19629F6278A975500C0F663 /* UserDefaultsManager.swift in Sources */,
				B19629F8278A976700C0F663 /* BookReview.swift in Sources */,
				B1993ADD2788938D005513D3 /* BookSearchRequestModel.swift in Sources */,
				B194DE802787F5F9004E2C1B /* SearchBookController.swift in Sources */,
				B1DA0591278752910082C61C /* ReviewWriteViewController.swift in Sources */,
				B1DA055927873D100082C61C /* AppDelegate.swift in Sources */,
				B1993AE1278893FA005513D3 /* BookSearchResponseModel.swift in Sources */,
				B1993AE3278894A7005513D3 /* Book.swift in Sources */,
				B1DA05932787529E0082C61C /* ReviewWritePresenter.swift in Sources */,
				B1DA055B27873D100082C61C /* SceneDelegate.swift in Sources */,
				B194DE822787F60A004E2C1B /* SearchBookPresenter.swift in Sources */,
			);
			runOnlyForDeploymentPostprocessing = 0;
		};
		B1DA056727873D120082C61C /* Sources */ = {
			isa = PBXSourcesBuildPhase;
			buildActionMask = 2147483647;
			files = (
				B1962A00278AEEDE00C0F663 /* MockReviewWirtePresenterTest.swift in Sources */,
				B19629FA278ADE1300C0F663 /* MockReviewListViewController.swift in Sources */,
				B19629FC278ADE5100C0F663 /* MockUserDefaultManager.swift in Sources */,
				B197E87D279A44F300BA9D18 /* MockSearchBookPresenter.swift in Sources */,
				B197E87F279A59A100BA9D18 /* MockBookSearchManager.swift in Sources */,
				B1DA057027873D120082C61C /* ReviewListPresenterTests.swift in Sources */,
				B1962A02278AF1CF00C0F663 /* ReviewWritePresenterTest.swift in Sources */,
				B197E87B279A43F100BA9D18 /* SearchBookPresenterTest.swift in Sources */,
			);
			runOnlyForDeploymentPostprocessing = 0;
		};
		B1DA057127873D120082C61C /* Sources */ = {
			isa = PBXSourcesBuildPhase;
			buildActionMask = 2147483647;
			files = (
				B1DA057A27873D120082C61C /* BookReviewUITests.swift in Sources */,
				B1DA057C27873D120082C61C /* BookReviewUITestsLaunchTests.swift in Sources */,
			);
			runOnlyForDeploymentPostprocessing = 0;
		};
/* End PBXSourcesBuildPhase section */

/* Begin PBXTargetDependency section */
		B1DA056D27873D120082C61C /* PBXTargetDependency */ = {
			isa = PBXTargetDependency;
			target = B1DA055427873D100082C61C /* BookReview */;
			targetProxy = B1DA056C27873D120082C61C /* PBXContainerItemProxy */;
		};
		B1DA057727873D120082C61C /* PBXTargetDependency */ = {
			isa = PBXTargetDependency;
			target = B1DA055427873D100082C61C /* BookReview */;
			targetProxy = B1DA057627873D120082C61C /* PBXContainerItemProxy */;
		};
/* End PBXTargetDependency section */

/* Begin PBXVariantGroup section */
		B1DA056327873D120082C61C /* LaunchScreen.storyboard */ = {
			isa = PBXVariantGroup;
			children = (
				B1DA056427873D120082C61C /* Base */,
			);
			name = LaunchScreen.storyboard;
			sourceTree = "<group>";
		};
/* End PBXVariantGroup section */

/* Begin XCBuildConfiguration section */
		B1DA057D27873D120082C61C /* Debug */ = {
			isa = XCBuildConfiguration;
			buildSettings = {
				ALWAYS_SEARCH_USER_PATHS = NO;
				CLANG_ANALYZER_NONNULL = YES;
				CLANG_ANALYZER_NUMBER_OBJECT_CONVERSION = YES_AGGRESSIVE;
				CLANG_CXX_LANGUAGE_STANDARD = "gnu++17";
				CLANG_CXX_LIBRARY = "libc++";
				CLANG_ENABLE_MODULES = YES;
				CLANG_ENABLE_OBJC_ARC = YES;
				CLANG_ENABLE_OBJC_WEAK = YES;
				CLANG_WARN_BLOCK_CAPTURE_AUTORELEASING = YES;
				CLANG_WARN_BOOL_CONVERSION = YES;
				CLANG_WARN_COMMA = YES;
				CLANG_WARN_CONSTANT_CONVERSION = YES;
				CLANG_WARN_DEPRECATED_OBJC_IMPLEMENTATIONS = YES;
				CLANG_WARN_DIRECT_OBJC_ISA_USAGE = YES_ERROR;
				CLANG_WARN_DOCUMENTATION_COMMENTS = YES;
				CLANG_WARN_EMPTY_BODY = YES;
				CLANG_WARN_ENUM_CONVERSION = YES;
				CLANG_WARN_INFINITE_RECURSION = YES;
				CLANG_WARN_INT_CONVERSION = YES;
				CLANG_WARN_NON_LITERAL_NULL_CONVERSION = YES;
				CLANG_WARN_OBJC_IMPLICIT_RETAIN_SELF = YES;
				CLANG_WARN_OBJC_LITERAL_CONVERSION = YES;
				CLANG_WARN_OBJC_ROOT_CLASS = YES_ERROR;
				CLANG_WARN_QUOTED_INCLUDE_IN_FRAMEWORK_HEADER = YES;
				CLANG_WARN_RANGE_LOOP_ANALYSIS = YES;
				CLANG_WARN_STRICT_PROTOTYPES = YES;
				CLANG_WARN_SUSPICIOUS_MOVE = YES;
				CLANG_WARN_UNGUARDED_AVAILABILITY = YES_AGGRESSIVE;
				CLANG_WARN_UNREACHABLE_CODE = YES;
				CLANG_WARN__DUPLICATE_METHOD_MATCH = YES;
				COPY_PHASE_STRIP = NO;
				DEBUG_INFORMATION_FORMAT = dwarf;
				ENABLE_STRICT_OBJC_MSGSEND = YES;
				ENABLE_TESTABILITY = YES;
				GCC_C_LANGUAGE_STANDARD = gnu11;
				GCC_DYNAMIC_NO_PIC = NO;
				GCC_NO_COMMON_BLOCKS = YES;
				GCC_OPTIMIZATION_LEVEL = 0;
				GCC_PREPROCESSOR_DEFINITIONS = (
					"DEBUG=1",
					"$(inherited)",
				);
				GCC_WARN_64_TO_32_BIT_CONVERSION = YES;
				GCC_WARN_ABOUT_RETURN_TYPE = YES_ERROR;
				GCC_WARN_UNDECLARED_SELECTOR = YES;
				GCC_WARN_UNINITIALIZED_AUTOS = YES_AGGRESSIVE;
				GCC_WARN_UNUSED_FUNCTION = YES;
				GCC_WARN_UNUSED_VARIABLE = YES;
				IPHONEOS_DEPLOYMENT_TARGET = 15.0;
				MTL_ENABLE_DEBUG_INFO = INCLUDE_SOURCE;
				MTL_FAST_MATH = YES;
				ONLY_ACTIVE_ARCH = YES;
				SDKROOT = iphoneos;
				SWIFT_ACTIVE_COMPILATION_CONDITIONS = DEBUG;
				SWIFT_OPTIMIZATION_LEVEL = "-Onone";
			};
			name = Debug;
		};
		B1DA057E27873D120082C61C /* Release */ = {
			isa = XCBuildConfiguration;
			buildSettings = {
				ALWAYS_SEARCH_USER_PATHS = NO;
				CLANG_ANALYZER_NONNULL = YES;
				CLANG_ANALYZER_NUMBER_OBJECT_CONVERSION = YES_AGGRESSIVE;
				CLANG_CXX_LANGUAGE_STANDARD = "gnu++17";
				CLANG_CXX_LIBRARY = "libc++";
				CLANG_ENABLE_MODULES = YES;
				CLANG_ENABLE_OBJC_ARC = YES;
				CLANG_ENABLE_OBJC_WEAK = YES;
				CLANG_WARN_BLOCK_CAPTURE_AUTORELEASING = YES;
				CLANG_WARN_BOOL_CONVERSION = YES;
				CLANG_WARN_COMMA = YES;
				CLANG_WARN_CONSTANT_CONVERSION = YES;
				CLANG_WARN_DEPRECATED_OBJC_IMPLEMENTATIONS = YES;
				CLANG_WARN_DIRECT_OBJC_ISA_USAGE = YES_ERROR;
				CLANG_WARN_DOCUMENTATION_COMMENTS = YES;
				CLANG_WARN_EMPTY_BODY = YES;
				CLANG_WARN_ENUM_CONVERSION = YES;
				CLANG_WARN_INFINITE_RECURSION = YES;
				CLANG_WARN_INT_CONVERSION = YES;
				CLANG_WARN_NON_LITERAL_NULL_CONVERSION = YES;
				CLANG_WARN_OBJC_IMPLICIT_RETAIN_SELF = YES;
				CLANG_WARN_OBJC_LITERAL_CONVERSION = YES;
				CLANG_WARN_OBJC_ROOT_CLASS = YES_ERROR;
				CLANG_WARN_QUOTED_INCLUDE_IN_FRAMEWORK_HEADER = YES;
				CLANG_WARN_RANGE_LOOP_ANALYSIS = YES;
				CLANG_WARN_STRICT_PROTOTYPES = YES;
				CLANG_WARN_SUSPICIOUS_MOVE = YES;
				CLANG_WARN_UNGUARDED_AVAILABILITY = YES_AGGRESSIVE;
				CLANG_WARN_UNREACHABLE_CODE = YES;
				CLANG_WARN__DUPLICATE_METHOD_MATCH = YES;
				COPY_PHASE_STRIP = NO;
				DEBUG_INFORMATION_FORMAT = "dwarf-with-dsym";
				ENABLE_NS_ASSERTIONS = NO;
				ENABLE_STRICT_OBJC_MSGSEND = YES;
				GCC_C_LANGUAGE_STANDARD = gnu11;
				GCC_NO_COMMON_BLOCKS = YES;
				GCC_WARN_64_TO_32_BIT_CONVERSION = YES;
				GCC_WARN_ABOUT_RETURN_TYPE = YES_ERROR;
				GCC_WARN_UNDECLARED_SELECTOR = YES;
				GCC_WARN_UNINITIALIZED_AUTOS = YES_AGGRESSIVE;
				GCC_WARN_UNUSED_FUNCTION = YES;
				GCC_WARN_UNUSED_VARIABLE = YES;
				IPHONEOS_DEPLOYMENT_TARGET = 15.0;
				MTL_ENABLE_DEBUG_INFO = NO;
				MTL_FAST_MATH = YES;
				SDKROOT = iphoneos;
				SWIFT_COMPILATION_MODE = wholemodule;
				SWIFT_OPTIMIZATION_LEVEL = "-O";
				VALIDATE_PRODUCT = YES;
			};
			name = Release;
		};
		B1DA058027873D120082C61C /* Debug */ = {
			isa = XCBuildConfiguration;
			baseConfigurationReference = 25324518B9EA5D2E44433686 /* Pods-BookReview.debug.xcconfig */;
			buildSettings = {
				ASSETCATALOG_COMPILER_APPICON_NAME = AppIcon;
				ASSETCATALOG_COMPILER_GLOBAL_ACCENT_COLOR_NAME = AccentColor;
				CODE_SIGN_STYLE = Automatic;
				CURRENT_PROJECT_VERSION = 1;
				GENERATE_INFOPLIST_FILE = YES;
				INFOPLIST_FILE = BookReview/Info.plist;
				INFOPLIST_KEY_UIApplicationSupportsIndirectInputEvents = YES;
				INFOPLIST_KEY_UILaunchStoryboardName = LaunchScreen;
				INFOPLIST_KEY_UISupportedInterfaceOrientations_iPad = "UIInterfaceOrientationPortrait UIInterfaceOrientationPortraitUpsideDown UIInterfaceOrientationLandscapeLeft UIInterfaceOrientationLandscapeRight";
				INFOPLIST_KEY_UISupportedInterfaceOrientations_iPhone = "UIInterfaceOrientationPortrait UIInterfaceOrientationLandscapeLeft UIInterfaceOrientationLandscapeRight";
				LD_RUNPATH_SEARCH_PATHS = (
					"$(inherited)",
					"@executable_path/Frameworks",
				);
				MARKETING_VERSION = 1.0;
				PRODUCT_BUNDLE_IDENTIFIER = lgw9898.BookReview;
				PRODUCT_NAME = "$(TARGET_NAME)";
				SWIFT_EMIT_LOC_STRINGS = YES;
				SWIFT_VERSION = 5.0;
				TARGETED_DEVICE_FAMILY = "1,2";
			};
			name = Debug;
		};
		B1DA058127873D120082C61C /* Release */ = {
			isa = XCBuildConfiguration;
			baseConfigurationReference = 90A2B012B48AE68E52AC0ADF /* Pods-BookReview.release.xcconfig */;
			buildSettings = {
				ASSETCATALOG_COMPILER_APPICON_NAME = AppIcon;
				ASSETCATALOG_COMPILER_GLOBAL_ACCENT_COLOR_NAME = AccentColor;
				CODE_SIGN_STYLE = Automatic;
				CURRENT_PROJECT_VERSION = 1;
				GENERATE_INFOPLIST_FILE = YES;
				INFOPLIST_FILE = BookReview/Info.plist;
				INFOPLIST_KEY_UIApplicationSupportsIndirectInputEvents = YES;
				INFOPLIST_KEY_UILaunchStoryboardName = LaunchScreen;
				INFOPLIST_KEY_UISupportedInterfaceOrientations_iPad = "UIInterfaceOrientationPortrait UIInterfaceOrientationPortraitUpsideDown UIInterfaceOrientationLandscapeLeft UIInterfaceOrientationLandscapeRight";
				INFOPLIST_KEY_UISupportedInterfaceOrientations_iPhone = "UIInterfaceOrientationPortrait UIInterfaceOrientationLandscapeLeft UIInterfaceOrientationLandscapeRight";
				LD_RUNPATH_SEARCH_PATHS = (
					"$(inherited)",
					"@executable_path/Frameworks",
				);
				MARKETING_VERSION = 1.0;
				PRODUCT_BUNDLE_IDENTIFIER = lgw9898.BookReview;
				PRODUCT_NAME = "$(TARGET_NAME)";
				SWIFT_EMIT_LOC_STRINGS = YES;
				SWIFT_VERSION = 5.0;
				TARGETED_DEVICE_FAMILY = "1,2";
			};
			name = Release;
		};
		B1DA058327873D120082C61C /* Debug */ = {
			isa = XCBuildConfiguration;
			baseConfigurationReference = C770DA01779614C808406FFE /* Pods-BookReviewTests.debug.xcconfig */;
			buildSettings = {
				ALWAYS_EMBED_SWIFT_STANDARD_LIBRARIES = YES;
				BUNDLE_LOADER = "$(TEST_HOST)";
				CODE_SIGN_STYLE = Automatic;
				CURRENT_PROJECT_VERSION = 1;
				GENERATE_INFOPLIST_FILE = YES;
				IPHONEOS_DEPLOYMENT_TARGET = 15.0;
				LD_RUNPATH_SEARCH_PATHS = (
					"$(inherited)",
					"@executable_path/Frameworks",
					"@loader_path/Frameworks",
				);
				MARKETING_VERSION = 1.0;
				PRODUCT_BUNDLE_IDENTIFIER = lgw9898.BookReviewTests;
				PRODUCT_NAME = "$(TARGET_NAME)";
				SWIFT_EMIT_LOC_STRINGS = NO;
				SWIFT_VERSION = 5.0;
				TARGETED_DEVICE_FAMILY = "1,2";
				TEST_HOST = "$(BUILT_PRODUCTS_DIR)/BookReview.app/BookReview";
			};
			name = Debug;
		};
		B1DA058427873D120082C61C /* Release */ = {
			isa = XCBuildConfiguration;
			baseConfigurationReference = 380D5AB3380C39FE91BA2E9B /* Pods-BookReviewTests.release.xcconfig */;
			buildSettings = {
				ALWAYS_EMBED_SWIFT_STANDARD_LIBRARIES = YES;
				BUNDLE_LOADER = "$(TEST_HOST)";
				CODE_SIGN_STYLE = Automatic;
				CURRENT_PROJECT_VERSION = 1;
				GENERATE_INFOPLIST_FILE = YES;
				IPHONEOS_DEPLOYMENT_TARGET = 15.0;
				LD_RUNPATH_SEARCH_PATHS = (
					"$(inherited)",
					"@executable_path/Frameworks",
					"@loader_path/Frameworks",
				);
				MARKETING_VERSION = 1.0;
				PRODUCT_BUNDLE_IDENTIFIER = lgw9898.BookReviewTests;
				PRODUCT_NAME = "$(TARGET_NAME)";
				SWIFT_EMIT_LOC_STRINGS = NO;
				SWIFT_VERSION = 5.0;
				TARGETED_DEVICE_FAMILY = "1,2";
				TEST_HOST = "$(BUILT_PRODUCTS_DIR)/BookReview.app/BookReview";
			};
			name = Release;
		};
		B1DA058627873D120082C61C /* Debug */ = {
			isa = XCBuildConfiguration;
			baseConfigurationReference = 9D64950E4CC18C51DA8FC5A9 /* Pods-BookReview-BookReviewUITests.debug.xcconfig */;
			buildSettings = {
				ALWAYS_EMBED_SWIFT_STANDARD_LIBRARIES = YES;
				CODE_SIGN_STYLE = Automatic;
				CURRENT_PROJECT_VERSION = 1;
				GENERATE_INFOPLIST_FILE = YES;
				LD_RUNPATH_SEARCH_PATHS = (
					"$(inherited)",
					"@executable_path/Frameworks",
					"@loader_path/Frameworks",
				);
				MARKETING_VERSION = 1.0;
				PRODUCT_BUNDLE_IDENTIFIER = lgw9898.BookReviewUITests;
				PRODUCT_NAME = "$(TARGET_NAME)";
				SWIFT_EMIT_LOC_STRINGS = NO;
				SWIFT_VERSION = 5.0;
				TARGETED_DEVICE_FAMILY = "1,2";
				TEST_TARGET_NAME = BookReview;
			};
			name = Debug;
		};
		B1DA058727873D120082C61C /* Release */ = {
			isa = XCBuildConfiguration;
			baseConfigurationReference = E634FBAF2EF141D9C581E8D5 /* Pods-BookReview-BookReviewUITests.release.xcconfig */;
			buildSettings = {
				ALWAYS_EMBED_SWIFT_STANDARD_LIBRARIES = YES;
				CODE_SIGN_STYLE = Automatic;
				CURRENT_PROJECT_VERSION = 1;
				GENERATE_INFOPLIST_FILE = YES;
				LD_RUNPATH_SEARCH_PATHS = (
					"$(inherited)",
					"@executable_path/Frameworks",
					"@loader_path/Frameworks",
				);
				MARKETING_VERSION = 1.0;
				PRODUCT_BUNDLE_IDENTIFIER = lgw9898.BookReviewUITests;
				PRODUCT_NAME = "$(TARGET_NAME)";
				SWIFT_EMIT_LOC_STRINGS = NO;
				SWIFT_VERSION = 5.0;
				TARGETED_DEVICE_FAMILY = "1,2";
				TEST_TARGET_NAME = BookReview;
			};
			name = Release;
		};
/* End XCBuildConfiguration section */

/* Begin XCConfigurationList section */
		B1DA055027873D100082C61C /* Build configuration list for PBXProject "BookReview" */ = {
			isa = XCConfigurationList;
			buildConfigurations = (
				B1DA057D27873D120082C61C /* Debug */,
				B1DA057E27873D120082C61C /* Release */,
			);
			defaultConfigurationIsVisible = 0;
			defaultConfigurationName = Release;
		};
		B1DA057F27873D120082C61C /* Build configuration list for PBXNativeTarget "BookReview" */ = {
			isa = XCConfigurationList;
			buildConfigurations = (
				B1DA058027873D120082C61C /* Debug */,
				B1DA058127873D120082C61C /* Release */,
			);
			defaultConfigurationIsVisible = 0;
			defaultConfigurationName = Release;
		};
		B1DA058227873D120082C61C /* Build configuration list for PBXNativeTarget "BookReviewTests" */ = {
			isa = XCConfigurationList;
			buildConfigurations = (
				B1DA058327873D120082C61C /* Debug */,
				B1DA058427873D120082C61C /* Release */,
			);
			defaultConfigurationIsVisible = 0;
			defaultConfigurationName = Release;
		};
		B1DA058527873D120082C61C /* Build configuration list for PBXNativeTarget "BookReviewUITests" */ = {
			isa = XCConfigurationList;
			buildConfigurations = (
				B1DA058627873D120082C61C /* Debug */,
				B1DA058727873D120082C61C /* Release */,
			);
			defaultConfigurationIsVisible = 0;
			defaultConfigurationName = Release;
		};
/* End XCConfigurationList section */
	};
	rootObject = B1DA054D27873D100082C61C /* Project object */;
}
